
Microsoft Visual Studio Solution File, Format Version 12.00
# Visual Studio Version 17
VisualStudioVersion = 17.8.34511.84
MinimumVisualStudioVersion = 10.0.40219.1
Project("{9A19103F-16F7-4668-BE54-9A1E7A4F7556}") = "RenHomeApp", "RenHomeApp\RenHomeApp.csproj", "{96916A44-F09A-44B4-BB8C-895F1EE11AE7}"
EndProject
Project("{2150E333-8FDC-42A3-9474-1A3956D46DE8}") = "Services", "Services", "{79D1A7CF-C05B-456A-91ED-542E6C01E83F}"
EndProject
Project("{9A19103F-16F7-4668-BE54-9A1E7A4F7556}") = "AuthorizationService", "AuthorizationService\AuthorizationService.csproj", "{8975A8F5-FAF7-4943-9F7B-5512F74AB466}"
EndProject
Project("{9A19103F-16F7-4668-BE54-9A1E7A4F7556}") = "HomeStorageService", "HomeStorageService\HomeStorageService.csproj", "{07E10301-4591-4125-BCD4-54E95CE8D829}"
EndProject
Project("{9A19103F-16F7-4668-BE54-9A1E7A4F7556}") = "ReviewService", "ReviewService\ReviewService.csproj", "{FA8EDA54-C9DE-4C4E-AB92-F5EA1730967D}"
EndProject
Project("{9A19103F-16F7-4668-BE54-9A1E7A4F7556}") = "EntitiesRepositories", "EntitiesRepositories\EntitiesRepositories.csproj", "{89EC724B-D9D6-40E1-AE77-304B7286C883}"
EndProject
Project("{9A19103F-16F7-4668-BE54-9A1E7A4F7556}") = "DTO", "DTO\DTO.csproj", "{2284A02E-144C-41CA-ABF4-7A00C08565EB}"
EndProject
Project("{9A19103F-16F7-4668-BE54-9A1E7A4F7556}") = "ApplicationContextDB", "ApplicationContextDB\ApplicationContextDB.csproj", "{40DE19D6-03E9-44A8-B5B5-A1047D9A2971}"
EndProject
Project("{2150E333-8FDC-42A3-9474-1A3956D46DE8}") = "HelperLibrarys", "HelperLibrarys", "{6E6B5F3E-55B0-492D-AF99-9E22C966886E}"
EndProject
Project("{9A19103F-16F7-4668-BE54-9A1E7A4F7556}") = "GeneralService", "GeneralService\GeneralService.csproj", "{D3CC8999-8545-4D6C-A7B9-A0BA00C1BED5}"
EndProject
Project("{9A19103F-16F7-4668-BE54-9A1E7A4F7556}") = "TestApp", "TestApp\TestApp.csproj", "{FAB33A77-92CD-4967-B51F-083F2C06D50E}"
EndProject
Global
	GlobalSection(SolutionConfigurationPlatforms) = preSolution
		Debug|Any CPU = Debug|Any CPU
		Release|Any CPU = Release|Any CPU
	EndGlobalSection
	GlobalSection(ProjectConfigurationPlatforms) = postSolution
		{96916A44-F09A-44B4-BB8C-895F1EE11AE7}.Debug|Any CPU.ActiveCfg = Debug|Any CPU
		{96916A44-F09A-44B4-BB8C-895F1EE11AE7}.Debug|Any CPU.Build.0 = Debug|Any CPU
		{96916A44-F09A-44B4-BB8C-895F1EE11AE7}.Release|Any CPU.ActiveCfg = Release|Any CPU
		{96916A44-F09A-44B4-BB8C-895F1EE11AE7}.Release|Any CPU.Build.0 = Release|Any CPU
		{8975A8F5-FAF7-4943-9F7B-5512F74AB466}.Debug|Any CPU.ActiveCfg = Debug|Any CPU
		{8975A8F5-FAF7-4943-9F7B-5512F74AB466}.Debug|Any CPU.Build.0 = Debug|Any CPU
		{8975A8F5-FAF7-4943-9F7B-5512F74AB466}.Release|Any CPU.ActiveCfg = Release|Any CPU
		{8975A8F5-FAF7-4943-9F7B-5512F74AB466}.Release|Any CPU.Build.0 = Release|Any CPU
		{07E10301-4591-4125-BCD4-54E95CE8D829}.Debug|Any CPU.ActiveCfg = Debug|Any CPU
		{07E10301-4591-4125-BCD4-54E95CE8D829}.Debug|Any CPU.Build.0 = Debug|Any CPU
		{07E10301-4591-4125-BCD4-54E95CE8D829}.Release|Any CPU.ActiveCfg = Release|Any CPU
		{07E10301-4591-4125-BCD4-54E95CE8D829}.Release|Any CPU.Build.0 = Release|Any CPU
		{FA8EDA54-C9DE-4C4E-AB92-F5EA1730967D}.Debug|Any CPU.ActiveCfg = Debug|Any CPU
		{FA8EDA54-C9DE-4C4E-AB92-F5EA1730967D}.Debug|Any CPU.Build.0 = Debug|Any CPU
		{FA8EDA54-C9DE-4C4E-AB92-F5EA1730967D}.Release|Any CPU.ActiveCfg = Release|Any CPU
		{FA8EDA54-C9DE-4C4E-AB92-F5EA1730967D}.Release|Any CPU.Build.0 = Release|Any CPU
		{89EC724B-D9D6-40E1-AE77-304B7286C883}.Debug|Any CPU.ActiveCfg = Debug|Any CPU
		{89EC724B-D9D6-40E1-AE77-304B7286C883}.Debug|Any CPU.Build.0 = Debug|Any CPU
		{89EC724B-D9D6-40E1-AE77-304B7286C883}.Release|Any CPU.ActiveCfg = Release|Any CPU
		{89EC724B-D9D6-40E1-AE77-304B7286C883}.Release|Any CPU.Build.0 = Release|Any CPU
		{2284A02E-144C-41CA-ABF4-7A00C08565EB}.Debug|Any CPU.ActiveCfg = Debug|Any CPU
		{2284A02E-144C-41CA-ABF4-7A00C08565EB}.Debug|Any CPU.Build.0 = Debug|Any CPU
		{2284A02E-144C-41CA-ABF4-7A00C08565EB}.Release|Any CPU.ActiveCfg = Release|Any CPU
		{2284A02E-144C-41CA-ABF4-7A00C08565EB}.Release|Any CPU.Build.0 = Release|Any CPU
		{40DE19D6-03E9-44A8-B5B5-A1047D9A2971}.Debug|Any CPU.ActiveCfg = Debug|Any CPU
		{40DE19D6-03E9-44A8-B5B5-A1047D9A2971}.Debug|Any CPU.Build.0 = Debug|Any CPU
		{40DE19D6-03E9-44A8-B5B5-A1047D9A2971}.Release|Any CPU.ActiveCfg = Release|Any CPU
		{40DE19D6-03E9-44A8-B5B5-A1047D9A2971}.Release|Any CPU.Build.0 = Release|Any CPU
		{D3CC8999-8545-4D6C-A7B9-A0BA00C1BED5}.Debug|Any CPU.ActiveCfg = Debug|Any CPU
		{D3CC8999-8545-4D6C-A7B9-A0BA00C1BED5}.Debug|Any CPU.Build.0 = Debug|Any CPU
		{D3CC8999-8545-4D6C-A7B9-A0BA00C1BED5}.Release|Any CPU.ActiveCfg = Release|Any CPU
		{D3CC8999-8545-4D6C-A7B9-A0BA00C1BED5}.Release|Any CPU.Build.0 = Release|Any CPU
		{FAB33A77-92CD-4967-B51F-083F2C06D50E}.Debug|Any CPU.ActiveCfg = Debug|Any CPU
		{FAB33A77-92CD-4967-B51F-083F2C06D50E}.Debug|Any CPU.Build.0 = Debug|Any CPU
		{FAB33A77-92CD-4967-B51F-083F2C06D50E}.Release|Any CPU.ActiveCfg = Release|Any CPU
		{FAB33A77-92CD-4967-B51F-083F2C06D50E}.Release|Any CPU.Build.0 = Release|Any CPU
	EndGlobalSection
	GlobalSection(SolutionProperties) = preSolution
		HideSolutionNode = FALSE
	EndGlobalSection
	GlobalSection(NestedProjects) = preSolution
		{8975A8F5-FAF7-4943-9F7B-5512F74AB466} = {79D1A7CF-C05B-456A-91ED-542E6C01E83F}
		{07E10301-4591-4125-BCD4-54E95CE8D829} = {79D1A7CF-C05B-456A-91ED-542E6C01E83F}
		{FA8EDA54-C9DE-4C4E-AB92-F5EA1730967D} = {79D1A7CF-C05B-456A-91ED-542E6C01E83F}
		{89EC724B-D9D6-40E1-AE77-304B7286C883} = {6E6B5F3E-55B0-492D-AF99-9E22C966886E}
		{2284A02E-144C-41CA-ABF4-7A00C08565EB} = {6E6B5F3E-55B0-492D-AF99-9E22C966886E}
		{40DE19D6-03E9-44A8-B5B5-A1047D9A2971} = {6E6B5F3E-55B0-492D-AF99-9E22C966886E}
		{D3CC8999-8545-4D6C-A7B9-A0BA00C1BED5} = {79D1A7CF-C05B-456A-91ED-542E6C01E83F}
	EndGlobalSection
	GlobalSection(ExtensibilityGlobals) = postSolution
		SolutionGuid = {F40AE2BC-579F-460F-A7B6-FA0CD9274944}
	EndGlobalSection
EndGlobal
